PODS:
  - Alamofire (5.1.0)
  - RxSwift (5.1.1)

DEPENDENCIES:
  - Alamofire (= 5.1.0)
  - RxSwift (= 5.1.1)

SPEC REPOS:
  trunk:
    - Alamofire
    - RxSwift

SPEC CHECKSUMS:
  Alamofire: 9d5c5f602928e512395b30950c5984eca840093c
  RxSwift: 81470a2074fa8780320ea5fe4102807cb7118178

PODFILE CHECKSUM: 062300eb2093fb1b3a4386a7d0b1215571e0ff0f

COCOAPODS: 1.8.4
